<Solution>
  <Folder Name="/src/">
    <Project Path="src/RmsSupportHub.Pos.Agent/RmsSupportHub.Pos.Agent.csproj" />
    <Project Path="src/RmsSupportHub.Pos.Application/RmsSupportHub.Pos.Application.csproj" />
    <Project Path="src/RmsSupportHub.Pos.Contracts/RmsSupportHub.Pos.Contracts.csproj" />
    <Project Path="src/RmsSupportHub.Pos.Domain/RmsSupportHub.Pos.Domain.csproj" />
    <Project Path="src/RmsSupportHub.Pos.Infrastructure/RmsSupportHub.Pos.Infrastructure.csproj" />
    <Project Path="src/PosAdminTool.WinUI/PosAdminTool.WinUI.csproj" />
  </Folder>
  <Folder Name="/tests/">
    <Project Path="tests/RmsSupportHub.Pos.Application.Tests/RmsSupportHub.Pos.Application.Tests.csproj" />
    <Project Path="tests/RmsSupportHub.Pos.Domain.Tests/RmsSupportHub.Pos.Domain.Tests.csproj" />
    <Project Path="tests/RmsSupportHub.Pos.Infrastructure.Tests/RmsSupportHub.Pos.Infrastructure.Tests.csproj" />
    <Project Path="tests/RmsSupportHub.Pos.Agent.IntegrationTests/RmsSupportHub.Pos.Agent.IntegrationTests.csproj" />
  </Folder>
</Solution>
